
Microsoft Visual Studio Solution File, Format Version 12.00
# Visual Studio Version 17
VisualStudioVersion = 17.0.32014.148
MinimumVisualStudioVersion = 10.0.40219.1
Project("{FAE04EC0-301F-11D3-BF4B-00C04F79EFBC}") = "BanXe", "BanXe\BanXe.csproj", "{83D4F793-5CE1-4948-BA9A-3C0968F41105}"
EndProject
Global
	GlobalSection(SolutionConfigurationPlatforms) = preSolution
		Debug|Any CPU = Debug|Any CPU
		Release|Any CPU = Release|Any CPU
	EndGlobalSection
	GlobalSection(ProjectConfigurationPlatforms) = postSolution
		{83D4F793-5CE1-4948-BA9A-3C0968F41105}.Debug|Any CPU.ActiveCfg = Debug|Any CPU
		{83D4F793-5CE1-4948-BA9A-3C0968F41105}.Debug|Any CPU.Build.0 = Debug|Any CPU
		{83D4F793-5CE1-4948-BA9A-3C0968F41105}.Release|Any CPU.ActiveCfg = Release|Any CPU
		{83D4F793-5CE1-4948-BA9A-3C0968F41105}.Release|Any CPU.Build.0 = Release|Any CPU
	EndGlobalSection
	GlobalSection(SolutionProperties) = preSolution
		HideSolutionNode = FALSE
	EndGlobalSection
	GlobalSection(ExtensibilityGlobals) = postSolution
		SolutionGuid = {9882F675-2A6B-4948-A74F-65AFACC1F8DE}
	EndGlobalSection
EndGlobal
